
Microsoft Visual Studio Solution File, Format Version 12.00
# Visual Studio Version 16
VisualStudioVersion = 16.0.32228.343
MinimumVisualStudioVersion = 10.0.40219.1
Project("{FAE04EC0-301F-11D3-BF4B-00C04F79EFBC}") = "ProgPoEPart2", "ProgPoEPart2\ProgPoEPart2.csproj", "{C3F810C2-BE39-45F0-9E26-8CC9C65C3108}"
EndProject
Global
	GlobalSection(SolutionConfigurationPlatforms) = preSolution
		Debug|Any CPU = Debug|Any CPU
		Release|Any CPU = Release|Any CPU
	EndGlobalSection
	GlobalSection(ProjectConfigurationPlatforms) = postSolution
		{C3F810C2-BE39-45F0-9E26-8CC9C65C3108}.Debug|Any CPU.ActiveCfg = Debug|Any CPU
		{C3F810C2-BE39-45F0-9E26-8CC9C65C3108}.Debug|Any CPU.Build.0 = Debug|Any CPU
		{C3F810C2-BE39-45F0-9E26-8CC9C65C3108}.Release|Any CPU.ActiveCfg = Release|Any CPU
		{C3F810C2-BE39-45F0-9E26-8CC9C65C3108}.Release|Any CPU.Build.0 = Release|Any CPU
	EndGlobalSection
	GlobalSection(SolutionProperties) = preSolution
		HideSolutionNode = FALSE
	EndGlobalSection
	GlobalSection(ExtensibilityGlobals) = postSolution
		SolutionGuid = {B6460952-3CE0-4671-BAB9-141AC5FBF044}
	EndGlobalSection
EndGlobal
